
Microsoft Visual Studio Solution File, Format Version 12.00
# Visual Studio 15
VisualStudioVersion = 15.0.28307.902
MinimumVisualStudioVersion = 10.0.40219.1
Project("{888888A0-9F3D-457C-B088-3A5042F75D52}") = "PythonWebProject", "PythonWebProject\PythonWebProject.pyproj", "{0CE74C2F-D48B-47A3-B8AF-69A727C3E962}"
EndProject
Global
	GlobalSection(SolutionConfigurationPlatforms) = preSolution
		Debug|Any CPU = Debug|Any CPU
		Release|Any CPU = Release|Any CPU
	EndGlobalSection
	GlobalSection(ProjectConfigurationPlatforms) = postSolution
		{0CE74C2F-D48B-47A3-B8AF-69A727C3E962}.Debug|Any CPU.ActiveCfg = Debug|Any CPU
		{0CE74C2F-D48B-47A3-B8AF-69A727C3E962}.Debug|Any CPU.Build.0 = Debug|Any CPU
		{0CE74C2F-D48B-47A3-B8AF-69A727C3E962}.Release|Any CPU.ActiveCfg = Release|Any CPU
		{0CE74C2F-D48B-47A3-B8AF-69A727C3E962}.Release|Any CPU.Build.0 = Release|Any CPU
	EndGlobalSection
	GlobalSection(SolutionProperties) = preSolution
		HideSolutionNode = FALSE
	EndGlobalSection
	GlobalSection(ExtensibilityGlobals) = postSolution
		SolutionGuid = {FD800356-329F-417C-8147-14F538A21CF1}
	EndGlobalSection
EndGlobal
